
Microsoft Visual Studio Solution File, Format Version 12.00
# Visual Studio Version 17
VisualStudioVersion = 17.9.34728.123
MinimumVisualStudioVersion = 10.0.40219.1
Project("{9A19103F-16F7-4668-BE54-9A1E7A4F7556}") = "Task", "Task\Task.csproj", "{A7EC93E3-BF37-4593-AC9A-42BC4E76DF40}"
EndProject
Global
	GlobalSection(SolutionConfigurationPlatforms) = preSolution
		Debug|Any CPU = Debug|Any CPU
		Release|Any CPU = Release|Any CPU
	EndGlobalSection
	GlobalSection(ProjectConfigurationPlatforms) = postSolution
		{A7EC93E3-BF37-4593-AC9A-42BC4E76DF40}.Debug|Any CPU.ActiveCfg = Debug|Any CPU
		{A7EC93E3-BF37-4593-AC9A-42BC4E76DF40}.Debug|Any CPU.Build.0 = Debug|Any CPU
		{A7EC93E3-BF37-4593-AC9A-42BC4E76DF40}.Release|Any CPU.ActiveCfg = Release|Any CPU
		{A7EC93E3-BF37-4593-AC9A-42BC4E76DF40}.Release|Any CPU.Build.0 = Release|Any CPU
	EndGlobalSection
	GlobalSection(SolutionProperties) = preSolution
		HideSolutionNode = FALSE
	EndGlobalSection
	GlobalSection(ExtensibilityGlobals) = postSolution
		SolutionGuid = {3F40AF2A-382D-45FD-B850-13368FA928FC}
	EndGlobalSection
EndGlobal
